
Microsoft Visual Studio Solution File, Format Version 12.00
# Visual Studio Version 17
VisualStudioVersion = 17.13.35913.81 d17.13
MinimumVisualStudioVersion = 10.0.40219.1
Project("{FAE04EC0-301F-11D3-BF4B-00C04F79EFBC}") = "AcademiaAPI", "AcademiaAPI\AcademiaAPI.csproj", "{7B785AE1-1CAA-434F-85C7-A2F35F98E77A}"
EndProject
Project("{FAE04EC0-301F-11D3-BF4B-00C04F79EFBC}") = "Domain.Model", "API.Alumos\Domain.Model.csproj", "{DC08B9F9-6A52-45D2-9925-3095E878552D}"
EndProject
Project("{FAE04EC0-301F-11D3-BF4B-00C04F79EFBC}") = "Data", "Data\Data.csproj", "{3D71A331-2020-44EC-9CE5-F96109E6F7FD}"
EndProject
Project("{FAE04EC0-301F-11D3-BF4B-00C04F79EFBC}") = "DTOs", "DTOs\DTOs.csproj", "{C2339152-980F-44E5-A542-E1D82A6A578D}"
EndProject
Project("{FAE04EC0-301F-11D3-BF4B-00C04F79EFBC}") = "Domain.Services", "Domain.Services\Domain.Services.csproj", "{31206BF3-7779-403D-A7AD-DAA23A320412}"
EndProject
Global
	GlobalSection(SolutionConfigurationPlatforms) = preSolution
		Debug|Any CPU = Debug|Any CPU
		Release|Any CPU = Release|Any CPU
	EndGlobalSection
	GlobalSection(ProjectConfigurationPlatforms) = postSolution
		{7B785AE1-1CAA-434F-85C7-A2F35F98E77A}.Debug|Any CPU.ActiveCfg = Debug|Any CPU
		{7B785AE1-1CAA-434F-85C7-A2F35F98E77A}.Debug|Any CPU.Build.0 = Debug|Any CPU
		{7B785AE1-1CAA-434F-85C7-A2F35F98E77A}.Release|Any CPU.ActiveCfg = Release|Any CPU
		{7B785AE1-1CAA-434F-85C7-A2F35F98E77A}.Release|Any CPU.Build.0 = Release|Any CPU
		{DC08B9F9-6A52-45D2-9925-3095E878552D}.Debug|Any CPU.ActiveCfg = Debug|Any CPU
		{DC08B9F9-6A52-45D2-9925-3095E878552D}.Debug|Any CPU.Build.0 = Debug|Any CPU
		{DC08B9F9-6A52-45D2-9925-3095E878552D}.Release|Any CPU.ActiveCfg = Release|Any CPU
		{DC08B9F9-6A52-45D2-9925-3095E878552D}.Release|Any CPU.Build.0 = Release|Any CPU
		{3D71A331-2020-44EC-9CE5-F96109E6F7FD}.Debug|Any CPU.ActiveCfg = Debug|Any CPU
		{3D71A331-2020-44EC-9CE5-F96109E6F7FD}.Debug|Any CPU.Build.0 = Debug|Any CPU
		{3D71A331-2020-44EC-9CE5-F96109E6F7FD}.Release|Any CPU.ActiveCfg = Release|Any CPU
		{3D71A331-2020-44EC-9CE5-F96109E6F7FD}.Release|Any CPU.Build.0 = Release|Any CPU
		{C2339152-980F-44E5-A542-E1D82A6A578D}.Debug|Any CPU.ActiveCfg = Debug|Any CPU
		{C2339152-980F-44E5-A542-E1D82A6A578D}.Debug|Any CPU.Build.0 = Debug|Any CPU
		{C2339152-980F-44E5-A542-E1D82A6A578D}.Release|Any CPU.ActiveCfg = Release|Any CPU
		{C2339152-980F-44E5-A542-E1D82A6A578D}.Release|Any CPU.Build.0 = Release|Any CPU
		{31206BF3-7779-403D-A7AD-DAA23A320412}.Debug|Any CPU.ActiveCfg = Debug|Any CPU
		{31206BF3-7779-403D-A7AD-DAA23A320412}.Debug|Any CPU.Build.0 = Debug|Any CPU
		{31206BF3-7779-403D-A7AD-DAA23A320412}.Release|Any CPU.ActiveCfg = Release|Any CPU
		{31206BF3-7779-403D-A7AD-DAA23A320412}.Release|Any CPU.Build.0 = Release|Any CPU
	EndGlobalSection
	GlobalSection(SolutionProperties) = preSolution
		HideSolutionNode = FALSE
	EndGlobalSection
	GlobalSection(ExtensibilityGlobals) = postSolution
		SolutionGuid = {D1BBA750-01E5-4240-821B-32AC7F6E5D31}
	EndGlobalSection
EndGlobal
